{
  "name": "todo_app",
  "version": "1.0.0",
  "lockfileVersion": 3,
  "requires": true,
  "packages": {
    "": {
      "name": "todo_app",
      "version": "1.0.0",
      "license": "ISC",
      "dependencies": {
        "@cloudflare/kv-asset-handler": "^0.4.2",
        "hono": "^4.12.5"
      },
      "devDependencies": {
        "@cloudflare/workers-types": "^4.20260307.1"
      }
    },
    "node_modules/@cloudflare/kv-asset-handler": {
      "version": "0.4.2",
      "resolved": "https://registry.npmjs.org/@cloudflare/kv-asset-handler/-/kv-asset-handler-0.4.2.tgz",
      "integrity": "sha512-SIOD2DxrRRwQ+jgzlXCqoEFiKOFqaPjhnNTGKXSRLvp1HiOvapLaFG2kEr9dYQTYe8rKrd9uvDUzmAITeNyaHQ==",
      "license": "MIT OR Apache-2.0",
      "engines": {
        "node": ">=18.0.0"
      }
    },
    "node_modules/@cloudflare/workers-types": {
      "version": "4.20260307.1",
      "resolved": "https://registry.npmjs.org/@cloudflare/workers-types/-/workers-types-4.20260307.1.tgz",
      "integrity": "sha512-0PvWLVVD6Q64V/XhollYtc8H35Vxm2rZi8bkZbEr3lK+mNgd2FBBVhlZ6A3saAUq3giRF4US/UfU/3a8i1PEcg==",
      "dev": true,
      "license": "MIT OR Apache-2.0"
    },
    "node_modules/hono": {
      "version": "4.12.5",
      "license": "MIT",
      "engines": {
        "node": ">=16.9.0"
      }
    }
  }
}
